
Microsoft Visual Studio Solution File, Format Version 12.00
# Visual Studio Version 16
VisualStudioVersion = 16.0.33027.164
MinimumVisualStudioVersion = 10.0.40219.1
Project("{8BC9CEB8-8B4A-11D0-8D11-00A0C91BC942}") = "Omok", "Omok\Omok.vcxproj", "{EDF79736-0870-4344-B3D2-9488C5EF0D77}"
EndProject
Global
	GlobalSection(SolutionConfigurationPlatforms) = preSolution
		Debug|x64 = Debug|x64
		Debug|x86 = Debug|x86
		Release|x64 = Release|x64
		Release|x86 = Release|x86
	EndGlobalSection
	GlobalSection(ProjectConfigurationPlatforms) = postSolution
		{EDF79736-0870-4344-B3D2-9488C5EF0D77}.Debug|x64.ActiveCfg = Debug|x64
		{EDF79736-0870-4344-B3D2-9488C5EF0D77}.Debug|x64.Build.0 = Debug|x64
		{EDF79736-0870-4344-B3D2-9488C5EF0D77}.Debug|x86.ActiveCfg = Debug|Win32
		{EDF79736-0870-4344-B3D2-9488C5EF0D77}.Debug|x86.Build.0 = Debug|Win32
		{EDF79736-0870-4344-B3D2-9488C5EF0D77}.Release|x64.ActiveCfg = Release|x64
		{EDF79736-0870-4344-B3D2-9488C5EF0D77}.Release|x64.Build.0 = Release|x64
		{EDF79736-0870-4344-B3D2-9488C5EF0D77}.Release|x86.ActiveCfg = Release|Win32
		{EDF79736-0870-4344-B3D2-9488C5EF0D77}.Release|x86.Build.0 = Release|Win32
	EndGlobalSection
	GlobalSection(SolutionProperties) = preSolution
		HideSolutionNode = FALSE
	EndGlobalSection
	GlobalSection(ExtensibilityGlobals) = postSolution
		SolutionGuid = {3C5C7495-EDAB-41FC-9D3D-DE22BDBF7804}
	EndGlobalSection
EndGlobal
